
Microsoft Visual Studio Solution File, Format Version 12.00
# Visual Studio Version 16
VisualStudioVersion = 16.0.29519.181
MinimumVisualStudioVersion = 10.0.40219.1
Project("{FAE04EC0-301F-11D3-BF4B-00C04F79EFBC}") = "MiniButNotSoMiniRpg", "MiniButNotSoMiniRpg\MiniButNotSoMiniRpg.csproj", "{AC4A2288-7A4F-4C2A-84AA-2899BE13CC1E}"
EndProject
Global
	GlobalSection(SolutionConfigurationPlatforms) = preSolution
		Debug|Any CPU = Debug|Any CPU
		Release|Any CPU = Release|Any CPU
	EndGlobalSection
	GlobalSection(ProjectConfigurationPlatforms) = postSolution
		{AC4A2288-7A4F-4C2A-84AA-2899BE13CC1E}.Debug|Any CPU.ActiveCfg = Debug|Any CPU
		{AC4A2288-7A4F-4C2A-84AA-2899BE13CC1E}.Debug|Any CPU.Build.0 = Debug|Any CPU
		{AC4A2288-7A4F-4C2A-84AA-2899BE13CC1E}.Release|Any CPU.ActiveCfg = Release|Any CPU
		{AC4A2288-7A4F-4C2A-84AA-2899BE13CC1E}.Release|Any CPU.Build.0 = Release|Any CPU
	EndGlobalSection
	GlobalSection(SolutionProperties) = preSolution
		HideSolutionNode = FALSE
	EndGlobalSection
	GlobalSection(ExtensibilityGlobals) = postSolution
		SolutionGuid = {891988AF-93F2-4A3A-90F3-BAC2C1D2012C}
	EndGlobalSection
EndGlobal
